// !$*UTF8*$!
{
	archiveVersion = 1;
	classes = {
	};
	objectVersion = 52;
	objects = {

/* Begin PBXBuildFile section */
		327CC322FFB8215D3F385656 /* libPods-BenchmarkML.a in Frameworks */ = {isa = PBXBuildFile; fileRef = 1B66306E0C2A222A52DD4ABF /* libPods-BenchmarkML.a */; };
		4AF00673FFB62AAEECC4E131 /* libPods-BenchmarkMLTests.a in Frameworks */ = {isa = PBXBuildFile; fileRef = B19D44C7D089445D1FE72F69 /* libPods-BenchmarkMLTests.a */; };
		551ABC00447860FF6EDDA38A /* libPods-BenchmarkML-BenchmarkMLUITests.a in Frameworks */ = {isa = PBXBuildFile; fileRef = 76C4BC0F6A6D326C0CBC1D6B /* libPods-BenchmarkML-BenchmarkMLUITests.a */; };
		840A1BFD240451A500880077 /* TestDetail.swift in Sources */ = {isa = PBXBuildFile; fileRef = 840A1BFC240451A500880077 /* TestDetail.swift */; };
		840A1BFF2404697000880077 /* TestGroup.swift in Sources */ = {isa = PBXBuildFile; fileRef = 840A1BFE2404697000880077 /* TestGroup.swift */; };
		840A1C0124055F8B00880077 /* TestType.swift in Sources */ = {isa = PBXBuildFile; fileRef = 840A1C0024055F8B00880077 /* TestType.swift */; };
		840A1C0524057A1E00880077 /* models.json in Resources */ = {isa = PBXBuildFile; fileRef = 840A1C0424057A1E00880077 /* models.json */; };
		840A1C0924057A5300880077 /* Model.swift in Sources */ = {isa = PBXBuildFile; fileRef = 840A1C0824057A5300880077 /* Model.swift */; };
		84121DE524329CB700D18486 /* CreateMLCarClassifierModel.mlmodel in Sources */ = {isa = PBXBuildFile; fileRef = 84121DE424329CB700D18486 /* CreateMLCarClassifierModel.mlmodel */; };
		84121DE724329CBE00D18486 /* CreateMLCatVsDogModel.mlmodel in Sources */ = {isa = PBXBuildFile; fileRef = 84121DE624329CBE00D18486 /* CreateMLCatVsDogModel.mlmodel */; };
		84121DE924329D1E00D18486 /* CreateMLCatVsDog.swift in Sources */ = {isa = PBXBuildFile; fileRef = 84121DE824329D1E00D18486 /* CreateMLCatVsDog.swift */; };
		84121DEB24329F1300D18486 /* TuriCreateCarClassifier.swift in Sources */ = {isa = PBXBuildFile; fileRef = 84121DEA24329F1300D18486 /* TuriCreateCarClassifier.swift */; };
		84121DED2432AF4100D18486 /* KerasPokemonClassification.swift in Sources */ = {isa = PBXBuildFile; fileRef = 84121DEC2432AF4100D18486 /* KerasPokemonClassification.swift */; };
		84166B762433B1190022B6E4 /* keras_car_classifier.mlmodel in Sources */ = {isa = PBXBuildFile; fileRef = 84166B752433B1190022B6E4 /* keras_car_classifier.mlmodel */; };
		84166B782433B7730022B6E4 /* KerasCarClassifier.swift in Sources */ = {isa = PBXBuildFile; fileRef = 84166B772433B7730022B6E4 /* KerasCarClassifier.swift */; };
		84166B7A2433B9850022B6E4 /* TuricreatePokemonClassification.swift in Sources */ = {isa = PBXBuildFile; fileRef = 84166B792433B9850022B6E4 /* TuricreatePokemonClassification.swift */; };
		8421D1862403459300202F8E /* MyTests.swift in Sources */ = {isa = PBXBuildFile; fileRef = 8421D1852403459300202F8E /* MyTests.swift */; };
		8421D18924034D5700202F8E /* tests.json in Resources */ = {isa = PBXBuildFile; fileRef = 8421D18824034D5700202F8E /* tests.json */; };
		8421D18D240358CD00202F8E /* CreateTest.swift in Sources */ = {isa = PBXBuildFile; fileRef = 8421D18C240358CD00202F8E /* CreateTest.swift */; };
		842A4EA12426AD4D00354BF7 /* SwiftForTensorFlowImageClassifier.swift in Sources */ = {isa = PBXBuildFile; fileRef = 842A4EA02426AD4D00354BF7 /* SwiftForTensorFlowImageClassifier.swift */; };
		842A4EA32426F76700354BF7 /* TuriCreate.mlmodel in Sources */ = {isa = PBXBuildFile; fileRef = 842A4EA22426F76700354BF7 /* TuriCreate.mlmodel */; };
		842A4EA72426FCB100354BF7 /* turicreate_car_classifier.mlmodel in Sources */ = {isa = PBXBuildFile; fileRef = 842A4EA62426FCB100354BF7 /* turicreate_car_classifier.mlmodel */; };
		842A4EAB2427325400354BF7 /* turicreate_cat_vs_dog.mlmodel in Sources */ = {isa = PBXBuildFile; fileRef = 842A4EAA2427325400354BF7 /* turicreate_cat_vs_dog.mlmodel */; };
		842A4EAF2427F26000354BF7 /* TuricreateCatVsDog.swift in Sources */ = {isa = PBXBuildFile; fileRef = 842A4EAE2427F26000354BF7 /* TuricreateCatVsDog.swift */; };
		842A4EB42427FBF200354BF7 /* ObtainedResults.swift in Sources */ = {isa = PBXBuildFile; fileRef = 842A4EB32427FBF200354BF7 /* ObtainedResults.swift */; };
		842A4EB72427FE7000354BF7 /* SelectedImage.swift in Sources */ = {isa = PBXBuildFile; fileRef = 842A4EB62427FE7000354BF7 /* SelectedImage.swift */; };
		842A4EB924281AF000354BF7 /* ObtainedTests.swift in Sources */ = {isa = PBXBuildFile; fileRef = 842A4EB824281AF000354BF7 /* ObtainedTests.swift */; };
		842A4EBB24281E1700354BF7 /* Tests.swift in Sources */ = {isa = PBXBuildFile; fileRef = 842A4EBA24281E1700354BF7 /* Tests.swift */; };
		842A4EBD2428530C00354BF7 /* ModelComparison.swift in Sources */ = {isa = PBXBuildFile; fileRef = 842A4EBC2428530C00354BF7 /* ModelComparison.swift */; };
		842A4EC324290AD800354BF7 /* SwiftUICharts in Frameworks */ = {isa = PBXBuildFile; productRef = 842A4EC224290AD800354BF7 /* SwiftUICharts */; };
		842A4EC62429182D00354BF7 /* GraphGroup.swift in Sources */ = {isa = PBXBuildFile; fileRef = 842A4EC52429182D00354BF7 /* GraphGroup.swift */; };
		844916F8240423F9005E9908 /* CreateMLCarClassifier.swift in Sources */ = {isa = PBXBuildFile; fileRef = 844916F7240423F9005E9908 /* CreateMLCarClassifier.swift */; };
		844916FA24042DF2005E9908 /* ConfigureTest.swift in Sources */ = {isa = PBXBuildFile; fileRef = 844916F924042DF2005E9908 /* ConfigureTest.swift */; };
		844C6FFF2407233B00214D22 /* ClassificationResults.swift in Sources */ = {isa = PBXBuildFile; fileRef = 844C6FFE2407233B00214D22 /* ClassificationResults.swift */; };
		845EC45624032B720044F08B /* AppDelegate.swift in Sources */ = {isa = PBXBuildFile; fileRef = 845EC45524032B720044F08B /* AppDelegate.swift */; };
		845EC45824032B720044F08B /* SceneDelegate.swift in Sources */ = {isa = PBXBuildFile; fileRef = 845EC45724032B720044F08B /* SceneDelegate.swift */; };
		845EC45A24032B720044F08B /* ContentView.swift in Sources */ = {isa = PBXBuildFile; fileRef = 845EC45924032B720044F08B /* ContentView.swift */; };
		845EC45C24032B750044F08B /* Assets.xcassets in Resources */ = {isa = PBXBuildFile; fileRef = 845EC45B24032B750044F08B /* Assets.xcassets */; };
		845EC45F24032B750044F08B /* Preview Assets.xcassets in Resources */ = {isa = PBXBuildFile; fileRef = 845EC45E24032B750044F08B /* Preview Assets.xcassets */; };
		845EC46224032B750044F08B /* LaunchScreen.storyboard in Resources */ = {isa = PBXBuildFile; fileRef = 845EC46024032B750044F08B /* LaunchScreen.storyboard */; };
		845EC46D24032B750044F08B /* BenchmarkMLTests.swift in Sources */ = {isa = PBXBuildFile; fileRef = 845EC46C24032B750044F08B /* BenchmarkMLTests.swift */; };
		845EC47824032B750044F08B /* BenchmarkMLUITests.swift in Sources */ = {isa = PBXBuildFile; fileRef = 845EC47724032B750044F08B /* BenchmarkMLUITests.swift */; };
		845EC48624032C2E0044F08B /* TestRun.swift in Sources */ = {isa = PBXBuildFile; fileRef = 845EC48524032C2E0044F08B /* TestRun.swift */; };
		845EC48824033C100044F08B /* Test.swift in Sources */ = {isa = PBXBuildFile; fileRef = 845EC48724033C100044F08B /* Test.swift */; };
		845EC49024033E4C0044F08B /* Data.swift in Sources */ = {isa = PBXBuildFile; fileRef = 845EC48F24033E4C0044F08B /* Data.swift */; };
		846E4C6F2432BAAD008FD462 /* CreateMLPokedexModel.mlmodel in Sources */ = {isa = PBXBuildFile; fileRef = 846E4C6E2432BAAD008FD462 /* CreateMLPokedexModel.mlmodel */; };
		846E4C712432BFAE008FD462 /* CreateMLPokedex.swift in Sources */ = {isa = PBXBuildFile; fileRef = 846E4C702432BFAE008FD462 /* CreateMLPokedex.swift */; };
		84AF7B9B24242EBF00FE6ED7 /* TestPersistence.swift in Sources */ = {isa = PBXBuildFile; fileRef = 84AF7B9A24242EBF00FE6ED7 /* TestPersistence.swift */; };
		84BA9FE724328981009596E8 /* KerasPokedex.mlmodel in Sources */ = {isa = PBXBuildFile; fileRef = 84BA9FE624328981009596E8 /* KerasPokedex.mlmodel */; };
		84BAB4AC242433C400296858 /* GoogleService-Info.plist in Resources */ = {isa = PBXBuildFile; fileRef = 84BAB4AB242433C400296858 /* GoogleService-Info.plist */; };
		84BAB4AE24251FB600296858 /* ModelPersistence.swift in Sources */ = {isa = PBXBuildFile; fileRef = 84BAB4AD24251FB600296858 /* ModelPersistence.swift */; };
		84BAB4B0242535DF00296858 /* Framework.swift in Sources */ = {isa = PBXBuildFile; fileRef = 84BAB4AF242535DF00296858 /* Framework.swift */; };
		84BAB4B22425379600296858 /* FrameworkPersistence.swift in Sources */ = {isa = PBXBuildFile; fileRef = 84BAB4B12425379600296858 /* FrameworkPersistence.swift */; };
		84BAB4B4242580FF00296858 /* FrameworkType.swift in Sources */ = {isa = PBXBuildFile; fileRef = 84BAB4B3242580FF00296858 /* FrameworkType.swift */; };
		84BAB4B62425865E00296858 /* InputData.swift in Sources */ = {isa = PBXBuildFile; fileRef = 84BAB4B52425865E00296858 /* InputData.swift */; };
		84BBDA17243392E100C83DBA /* turicreate_pokedex.mlmodel in Sources */ = {isa = PBXBuildFile; fileRef = 84BBDA16243392E100C83DBA /* turicreate_pokedex.mlmodel */; };
		84D7FEB12406DC0B0069DA3B /* InputDataGroup.swift in Sources */ = {isa = PBXBuildFile; fileRef = 84D7FEB02406DC0B0069DA3B /* InputDataGroup.swift */; };
		84F91EF72415B4E000AD9420 /* MobileNet.mlmodel in Sources */ = {isa = PBXBuildFile; fileRef = 84F91EF62415B4E000AD9420 /* MobileNet.mlmodel */; };
		84F91EFE2416905E00AD9420 /* CoreMLObjectClassifier.swift in Sources */ = {isa = PBXBuildFile; fileRef = 84F91EFD2416905E00AD9420 /* CoreMLObjectClassifier.swift */; };
/* End PBXBuildFile section */

/* Begin PBXContainerItemProxy section */
		845EC46924032B750044F08B /* PBXContainerItemProxy */ = {
			isa = PBXContainerItemProxy;
			containerPortal = 845EC44A24032B720044F08B /* Project object */;
			proxyType = 1;
			remoteGlobalIDString = 845EC45124032B720044F08B;
			remoteInfo = BenchmarkML;
		};
		845EC47424032B750044F08B /* PBXContainerItemProxy */ = {
			isa = PBXContainerItemProxy;
			containerPortal = 845EC44A24032B720044F08B /* Project object */;
			proxyType = 1;
			remoteGlobalIDString = 845EC45124032B720044F08B;
			remoteInfo = BenchmarkML;
		};
/* End PBXContainerItemProxy section */

/* Begin PBXFileReference section */
		1B66306E0C2A222A52DD4ABF /* libPods-BenchmarkML.a */ = {isa = PBXFileReference; explicitFileType = archive.ar; includeInIndex = 0; path = "libPods-BenchmarkML.a"; sourceTree = BUILT_PRODUCTS_DIR; };
		1C8A18B81B67107D256987B2 /* Pods-BenchmarkMLTests.release.xcconfig */ = {isa = PBXFileReference; includeInIndex = 1; lastKnownFileType = text.xcconfig; name = "Pods-BenchmarkMLTests.release.xcconfig"; path = "Target Support Files/Pods-BenchmarkMLTests/Pods-BenchmarkMLTests.release.xcconfig"; sourceTree = "<group>"; };
		5F31F0D935C0A6C0D434472C /* Pods-BenchmarkML.release.xcconfig */ = {isa = PBXFileReference; includeInIndex = 1; lastKnownFileType = text.xcconfig; name = "Pods-BenchmarkML.release.xcconfig"; path = "Target Support Files/Pods-BenchmarkML/Pods-BenchmarkML.release.xcconfig"; sourceTree = "<group>"; };
		6D0A22524E375A995B68DDBF /* Pods-BenchmarkMLTests.debug.xcconfig */ = {isa = PBXFileReference; includeInIndex = 1; lastKnownFileType = text.xcconfig; name = "Pods-BenchmarkMLTests.debug.xcconfig"; path = "Target Support Files/Pods-BenchmarkMLTests/Pods-BenchmarkMLTests.debug.xcconfig"; sourceTree = "<group>"; };
		76C4BC0F6A6D326C0CBC1D6B /* libPods-BenchmarkML-BenchmarkMLUITests.a */ = {isa = PBXFileReference; explicitFileType = archive.ar; includeInIndex = 0; path = "libPods-BenchmarkML-BenchmarkMLUITests.a"; sourceTree = BUILT_PRODUCTS_DIR; };
		840A1BFC240451A500880077 /* TestDetail.swift */ = {isa = PBXFileReference; lastKnownFileType = sourcecode.swift; path = TestDetail.swift; sourceTree = "<group>"; };
		840A1BFE2404697000880077 /* TestGroup.swift */ = {isa = PBXFileReference; lastKnownFileType = sourcecode.swift; path = TestGroup.swift; sourceTree = "<group>"; };
		840A1C0024055F8B00880077 /* TestType.swift */ = {isa = PBXFileReference; lastKnownFileType = sourcecode.swift; path = TestType.swift; sourceTree = "<group>"; };
		840A1C0424057A1E00880077 /* models.json */ = {isa = PBXFileReference; fileEncoding = 4; lastKnownFileType = text.json; name = models.json; path = ../../../../Paralelismo/models.json; sourceTree = "<group>"; };
		840A1C0824057A5300880077 /* Model.swift */ = {isa = PBXFileReference; lastKnownFileType = sourcecode.swift; path = Model.swift; sourceTree = "<group>"; };
		84121DE424329CB700D18486 /* CreateMLCarClassifierModel.mlmodel */ = {isa = PBXFileReference; lastKnownFileType = file.mlmodel; path = CreateMLCarClassifierModel.mlmodel; sourceTree = "<group>"; };
		84121DE624329CBE00D18486 /* CreateMLCatVsDogModel.mlmodel */ = {isa = PBXFileReference; lastKnownFileType = file.mlmodel; path = CreateMLCatVsDogModel.mlmodel; sourceTree = "<group>"; };
		84121DE824329D1E00D18486 /* CreateMLCatVsDog.swift */ = {isa = PBXFileReference; lastKnownFileType = sourcecode.swift; path = CreateMLCatVsDog.swift; sourceTree = "<group>"; };
		84121DEA24329F1300D18486 /* TuriCreateCarClassifier.swift */ = {isa = PBXFileReference; lastKnownFileType = sourcecode.swift; path = TuriCreateCarClassifier.swift; sourceTree = "<group>"; };
		84121DEC2432AF4100D18486 /* KerasPokemonClassification.swift */ = {isa = PBXFileReference; lastKnownFileType = sourcecode.swift; path = KerasPokemonClassification.swift; sourceTree = "<group>"; };
		84166B752433B1190022B6E4 /* keras_car_classifier.mlmodel */ = {isa = PBXFileReference; lastKnownFileType = file.mlmodel; path = keras_car_classifier.mlmodel; sourceTree = "<group>"; };
		84166B772433B7730022B6E4 /* KerasCarClassifier.swift */ = {isa = PBXFileReference; lastKnownFileType = sourcecode.swift; path = KerasCarClassifier.swift; sourceTree = "<group>"; };
		84166B792433B9850022B6E4 /* TuricreatePokemonClassification.swift */ = {isa = PBXFileReference; lastKnownFileType = sourcecode.swift; path = TuricreatePokemonClassification.swift; sourceTree = "<group>"; };
		8421D1852403459300202F8E /* MyTests.swift */ = {isa = PBXFileReference; lastKnownFileType = sourcecode.swift; path = MyTests.swift; sourceTree = "<group>"; };
		8421D18824034D5700202F8E /* tests.json */ = {isa = PBXFileReference; fileEncoding = 4; lastKnownFileType = text.json; name = tests.json; path = ../../../../Paralelismo/tests.json; sourceTree = "<group>"; };
		8421D18C240358CD00202F8E /* CreateTest.swift */ = {isa = PBXFileReference; lastKnownFileType = sourcecode.swift; path = CreateTest.swift; sourceTree = "<group>"; };
		842A4EA02426AD4D00354BF7 /* SwiftForTensorFlowImageClassifier.swift */ = {isa = PBXFileReference; lastKnownFileType = sourcecode.swift; path = SwiftForTensorFlowImageClassifier.swift; sourceTree = "<group>"; };
		842A4EA22426F76700354BF7 /* TuriCreate.mlmodel */ = {isa = PBXFileReference; lastKnownFileType = file.mlmodel; path = TuriCreate.mlmodel; sourceTree = "<group>"; };
		842A4EA62426FCB100354BF7 /* turicreate_car_classifier.mlmodel */ = {isa = PBXFileReference; lastKnownFileType = file.mlmodel; path = turicreate_car_classifier.mlmodel; sourceTree = "<group>"; };
		842A4EAA2427325400354BF7 /* turicreate_cat_vs_dog.mlmodel */ = {isa = PBXFileReference; lastKnownFileType = file.mlmodel; path = turicreate_cat_vs_dog.mlmodel; sourceTree = "<group>"; };
		842A4EAE2427F26000354BF7 /* TuricreateCatVsDog.swift */ = {isa = PBXFileReference; lastKnownFileType = sourcecode.swift; path = TuricreateCatVsDog.swift; sourceTree = "<group>"; };
		842A4EB32427FBF200354BF7 /* ObtainedResults.swift */ = {isa = PBXFileReference; lastKnownFileType = sourcecode.swift; path = ObtainedResults.swift; sourceTree = "<group>"; };
		842A4EB62427FE7000354BF7 /* SelectedImage.swift */ = {isa = PBXFileReference; lastKnownFileType = sourcecode.swift; path = SelectedImage.swift; sourceTree = "<group>"; };
		842A4EB824281AF000354BF7 /* ObtainedTests.swift */ = {isa = PBXFileReference; lastKnownFileType = sourcecode.swift; path = ObtainedTests.swift; sourceTree = "<group>"; };
		842A4EBA24281E1700354BF7 /* Tests.swift */ = {isa = PBXFileReference; lastKnownFileType = sourcecode.swift; path = Tests.swift; sourceTree = "<group>"; };
		842A4EBC2428530C00354BF7 /* ModelComparison.swift */ = {isa = PBXFileReference; lastKnownFileType = sourcecode.swift; path = ModelComparison.swift; sourceTree = "<group>"; };
		842A4EC52429182D00354BF7 /* GraphGroup.swift */ = {isa = PBXFileReference; lastKnownFileType = sourcecode.swift; path = GraphGroup.swift; sourceTree = "<group>"; };
		844916F7240423F9005E9908 /* CreateMLCarClassifier.swift */ = {isa = PBXFileReference; lastKnownFileType = sourcecode.swift; path = CreateMLCarClassifier.swift; sourceTree = "<group>"; };
		844916F924042DF2005E9908 /* ConfigureTest.swift */ = {isa = PBXFileReference; lastKnownFileType = sourcecode.swift; path = ConfigureTest.swift; sourceTree = "<group>"; };
		844C6FFE2407233B00214D22 /* ClassificationResults.swift */ = {isa = PBXFileReference; lastKnownFileType = sourcecode.swift; path = ClassificationResults.swift; sourceTree = "<group>"; };
		845EC45224032B720044F08B /* BenchmarkML.app */ = {isa = PBXFileReference; explicitFileType = wrapper.application; includeInIndex = 0; path = BenchmarkML.app; sourceTree = BUILT_PRODUCTS_DIR; };
		845EC45524032B720044F08B /* AppDelegate.swift */ = {isa = PBXFileReference; lastKnownFileType = sourcecode.swift; path = AppDelegate.swift; sourceTree = "<group>"; };
		845EC45724032B720044F08B /* SceneDelegate.swift */ = {isa = PBXFileReference; lastKnownFileType = sourcecode.swift; path = SceneDelegate.swift; sourceTree = "<group>"; };
		845EC45924032B720044F08B /* ContentView.swift */ = {isa = PBXFileReference; lastKnownFileType = sourcecode.swift; path = ContentView.swift; sourceTree = "<group>"; };
		845EC45B24032B750044F08B /* Assets.xcassets */ = {isa = PBXFileReference; lastKnownFileType = folder.assetcatalog; path = Assets.xcassets; sourceTree = "<group>"; };
		845EC45E24032B750044F08B /* Preview Assets.xcassets */ = {isa = PBXFileReference; lastKnownFileType = folder.assetcatalog; path = "Preview Assets.xcassets"; sourceTree = "<group>"; };
		845EC46124032B750044F08B /* Base */ = {isa = PBXFileReference; lastKnownFileType = file.storyboard; name = Base; path = Base.lproj/LaunchScreen.storyboard; sourceTree = "<group>"; };
		845EC46324032B750044F08B /* Info.plist */ = {isa = PBXFileReference; lastKnownFileType = text.plist.xml; path = Info.plist; sourceTree = "<group>"; };
		845EC46824032B750044F08B /* BenchmarkMLTests.xctest */ = {isa = PBXFileReference; explicitFileType = wrapper.cfbundle; includeInIndex = 0; path = BenchmarkMLTests.xctest; sourceTree = BUILT_PRODUCTS_DIR; };
		845EC46C24032B750044F08B /* BenchmarkMLTests.swift */ = {isa = PBXFileReference; lastKnownFileType = sourcecode.swift; path = BenchmarkMLTests.swift; sourceTree = "<group>"; };
		845EC46E24032B750044F08B /* Info.plist */ = {isa = PBXFileReference; lastKnownFileType = text.plist.xml; path = Info.plist; sourceTree = "<group>"; };
		845EC47324032B750044F08B /* BenchmarkMLUITests.xctest */ = {isa = PBXFileReference; explicitFileType = wrapper.cfbundle; includeInIndex = 0; path = BenchmarkMLUITests.xctest; sourceTree = BUILT_PRODUCTS_DIR; };
		845EC47724032B750044F08B /* BenchmarkMLUITests.swift */ = {isa = PBXFileReference; lastKnownFileType = sourcecode.swift; path = BenchmarkMLUITests.swift; sourceTree = "<group>"; };
		845EC47924032B750044F08B /* Info.plist */ = {isa = PBXFileReference; lastKnownFileType = text.plist.xml; path = Info.plist; sourceTree = "<group>"; };
		845EC48524032C2E0044F08B /* TestRun.swift */ = {isa = PBXFileReference; lastKnownFileType = sourcecode.swift; path = TestRun.swift; sourceTree = "<group>"; };
		845EC48724033C100044F08B /* Test.swift */ = {isa = PBXFileReference; lastKnownFileType = sourcecode.swift; path = Test.swift; sourceTree = "<group>"; };
		845EC48F24033E4C0044F08B /* Data.swift */ = {isa = PBXFileReference; lastKnownFileType = sourcecode.swift; path = Data.swift; sourceTree = "<group>"; };
		846E4C6E2432BAAD008FD462 /* CreateMLPokedexModel.mlmodel */ = {isa = PBXFileReference; lastKnownFileType = file.mlmodel; path = CreateMLPokedexModel.mlmodel; sourceTree = "<group>"; };
		846E4C702432BFAE008FD462 /* CreateMLPokedex.swift */ = {isa = PBXFileReference; lastKnownFileType = sourcecode.swift; path = CreateMLPokedex.swift; sourceTree = "<group>"; };
		84AF7B9A24242EBF00FE6ED7 /* TestPersistence.swift */ = {isa = PBXFileReference; lastKnownFileType = sourcecode.swift; path = TestPersistence.swift; sourceTree = "<group>"; };
		84BA9FE624328981009596E8 /* KerasPokedex.mlmodel */ = {isa = PBXFileReference; lastKnownFileType = file.mlmodel; path = KerasPokedex.mlmodel; sourceTree = "<group>"; };
		84BAB4AB242433C400296858 /* GoogleService-Info.plist */ = {isa = PBXFileReference; fileEncoding = 4; lastKnownFileType = text.plist.xml; path = "GoogleService-Info.plist"; sourceTree = "<group>"; };
		84BAB4AD24251FB600296858 /* ModelPersistence.swift */ = {isa = PBXFileReference; lastKnownFileType = sourcecode.swift; path = ModelPersistence.swift; sourceTree = "<group>"; };
		84BAB4AF242535DF00296858 /* Framework.swift */ = {isa = PBXFileReference; lastKnownFileType = sourcecode.swift; path = Framework.swift; sourceTree = "<group>"; };
		84BAB4B12425379600296858 /* FrameworkPersistence.swift */ = {isa = PBXFileReference; lastKnownFileType = sourcecode.swift; path = FrameworkPersistence.swift; sourceTree = "<group>"; };
		84BAB4B3242580FF00296858 /* FrameworkType.swift */ = {isa = PBXFileReference; lastKnownFileType = sourcecode.swift; path = FrameworkType.swift; sourceTree = "<group>"; };
		84BAB4B52425865E00296858 /* InputData.swift */ = {isa = PBXFileReference; lastKnownFileType = sourcecode.swift; path = InputData.swift; sourceTree = "<group>"; };
		84BBDA16243392E100C83DBA /* turicreate_pokedex.mlmodel */ = {isa = PBXFileReference; lastKnownFileType = file.mlmodel; path = turicreate_pokedex.mlmodel; sourceTree = "<group>"; };
		84D7FEB02406DC0B0069DA3B /* InputDataGroup.swift */ = {isa = PBXFileReference; lastKnownFileType = sourcecode.swift; path = InputDataGroup.swift; sourceTree = "<group>"; };
		84F91EF62415B4E000AD9420 /* MobileNet.mlmodel */ = {isa = PBXFileReference; lastKnownFileType = file.mlmodel; path = MobileNet.mlmodel; sourceTree = "<group>"; };
		84F91EFD2416905E00AD9420 /* CoreMLObjectClassifier.swift */ = {isa = PBXFileReference; lastKnownFileType = sourcecode.swift; path = CoreMLObjectClassifier.swift; sourceTree = "<group>"; };
		B19D44C7D089445D1FE72F69 /* libPods-BenchmarkMLTests.a */ = {isa = PBXFileReference; explicitFileType = archive.ar; includeInIndex = 0; path = "libPods-BenchmarkMLTests.a"; sourceTree = BUILT_PRODUCTS_DIR; };
		C432A5FDD75BCA3756431A00 /* Pods-BenchmarkML.debug.xcconfig */ = {isa = PBXFileReference; includeInIndex = 1; lastKnownFileType = text.xcconfig; name = "Pods-BenchmarkML.debug.xcconfig"; path = "Target Support Files/Pods-BenchmarkML/Pods-BenchmarkML.debug.xcconfig"; sourceTree = "<group>"; };
		E18568BDE81F22C54CB7C29F /* Pods-BenchmarkML-BenchmarkMLUITests.release.xcconfig */ = {isa = PBXFileReference; includeInIndex = 1; lastKnownFileType = text.xcconfig; name = "Pods-BenchmarkML-BenchmarkMLUITests.release.xcconfig"; path = "Target Support Files/Pods-BenchmarkML-BenchmarkMLUITests/Pods-BenchmarkML-BenchmarkMLUITests.release.xcconfig"; sourceTree = "<group>"; };
		F81C2EB9C1131DBAA4BC11AE /* Pods-BenchmarkML-BenchmarkMLUITests.debug.xcconfig */ = {isa = PBXFileReference; includeInIndex = 1; lastKnownFileType = text.xcconfig; name = "Pods-BenchmarkML-BenchmarkMLUITests.debug.xcconfig"; path = "Target Support Files/Pods-BenchmarkML-BenchmarkMLUITests/Pods-BenchmarkML-BenchmarkMLUITests.debug.xcconfig"; sourceTree = "<group>"; };
/* End PBXFileReference section */

/* Begin PBXFrameworksBuildPhase section */
		845EC44F24032B720044F08B /* Frameworks */ = {
			isa = PBXFrameworksBuildPhase;
			buildActionMask = 2147483647;
			files = (
				327CC322FFB8215D3F385656 /* libPods-BenchmarkML.a in Frameworks */,
				842A4EC324290AD800354BF7 /* SwiftUICharts in Frameworks */,
			);
			runOnlyForDeploymentPostprocessing = 0;
		};
		845EC46524032B750044F08B /* Frameworks */ = {
			isa = PBXFrameworksBuildPhase;
			buildActionMask = 2147483647;
			files = (
				4AF00673FFB62AAEECC4E131 /* libPods-BenchmarkMLTests.a in Frameworks */,
			);
			runOnlyForDeploymentPostprocessing = 0;
		};
		845EC47024032B750044F08B /* Frameworks */ = {
			isa = PBXFrameworksBuildPhase;
			buildActionMask = 2147483647;
			files = (
				551ABC00447860FF6EDDA38A /* libPods-BenchmarkML-BenchmarkMLUITests.a in Frameworks */,
			);
			runOnlyForDeploymentPostprocessing = 0;
		};
/* End PBXFrameworksBuildPhase section */

/* Begin PBXGroup section */
		02044CEA33611C73F76EA884 /* Frameworks */ = {
			isa = PBXGroup;
			children = (
				1B66306E0C2A222A52DD4ABF /* libPods-BenchmarkML.a */,
				76C4BC0F6A6D326C0CBC1D6B /* libPods-BenchmarkML-BenchmarkMLUITests.a */,
				B19D44C7D089445D1FE72F69 /* libPods-BenchmarkMLTests.a */,
			);
			name = Frameworks;
			sourceTree = "<group>";
		};
		1674852401DC15C304BDB6E6 /* Pods */ = {
			isa = PBXGroup;
			children = (
				C432A5FDD75BCA3756431A00 /* Pods-BenchmarkML.debug.xcconfig */,
				5F31F0D935C0A6C0D434472C /* Pods-BenchmarkML.release.xcconfig */,
				F81C2EB9C1131DBAA4BC11AE /* Pods-BenchmarkML-BenchmarkMLUITests.debug.xcconfig */,
				E18568BDE81F22C54CB7C29F /* Pods-BenchmarkML-BenchmarkMLUITests.release.xcconfig */,
				6D0A22524E375A995B68DDBF /* Pods-BenchmarkMLTests.debug.xcconfig */,
				1C8A18B81B67107D256987B2 /* Pods-BenchmarkMLTests.release.xcconfig */,
			);
			path = Pods;
			sourceTree = "<group>";
		};
		84121DEE2432AF4800D18486 /* Keras */ = {
			isa = PBXGroup;
			children = (
				84121DEC2432AF4100D18486 /* KerasPokemonClassification.swift */,
				84166B772433B7730022B6E4 /* KerasCarClassifier.swift */,
			);
			path = Keras;
			sourceTree = "<group>";
		};
		842A4EA42426F77200354BF7 /* CreateML */ = {
			isa = PBXGroup;
			children = (
				846E4C6E2432BAAD008FD462 /* CreateMLPokedexModel.mlmodel */,
				84121DE624329CBE00D18486 /* CreateMLCatVsDogModel.mlmodel */,
				84121DE424329CB700D18486 /* CreateMLCarClassifierModel.mlmodel */,
			);
			path = CreateML;
			sourceTree = "<group>";
		};
		842A4EA52426F77700354BF7 /* TuriCreate */ = {
			isa = PBXGroup;
			children = (
				84BBDA16243392E100C83DBA /* turicreate_pokedex.mlmodel */,
				842A4EAA2427325400354BF7 /* turicreate_cat_vs_dog.mlmodel */,
				842A4EA62426FCB100354BF7 /* turicreate_car_classifier.mlmodel */,
				842A4EA22426F76700354BF7 /* TuriCreate.mlmodel */,
			);
			path = TuriCreate;
			sourceTree = "<group>";
		};
		842A4EAC2427F23100354BF7 /* CreateML */ = {
			isa = PBXGroup;
			children = (
				844916F7240423F9005E9908 /* CreateMLCarClassifier.swift */,
				84F91EFD2416905E00AD9420 /* CoreMLObjectClassifier.swift */,
				84121DE824329D1E00D18486 /* CreateMLCatVsDog.swift */,
				846E4C702432BFAE008FD462 /* CreateMLPokedex.swift */,
			);
			path = CreateML;
			sourceTree = "<group>";
		};
		842A4EAD2427F24000354BF7 /* TensorFlowLite */ = {
			isa = PBXGroup;
			children = (
				842A4EA02426AD4D00354BF7 /* SwiftForTensorFlowImageClassifier.swift */,
			);
			path = TensorFlowLite;
			sourceTree = "<group>";
		};
		842A4EB02427F26500354BF7 /* Turicreate */ = {
			isa = PBXGroup;
			children = (
				842A4EAE2427F26000354BF7 /* TuricreateCatVsDog.swift */,
				84121DEA24329F1300D18486 /* TuriCreateCarClassifier.swift */,
				84166B792433B9850022B6E4 /* TuricreatePokemonClassification.swift */,
			);
			path = Turicreate;
			sourceTree = "<group>";
		};
		842A4EB52427FBFB00354BF7 /* HelpingClases */ = {
			isa = PBXGroup;
			children = (
				842A4EB32427FBF200354BF7 /* ObtainedResults.swift */,
				842A4EB62427FE7000354BF7 /* SelectedImage.swift */,
				842A4EB824281AF000354BF7 /* ObtainedTests.swift */,
				842A4EBA24281E1700354BF7 /* Tests.swift */,
			);
			path = HelpingClases;
			sourceTree = "<group>";
		};
		842A4EBE2428533100354BF7 /* Graphs */ = {
			isa = PBXGroup;
			children = (
				842A4EBC2428530C00354BF7 /* ModelComparison.swift */,
				842A4EC52429182D00354BF7 /* GraphGroup.swift */,
			);
			path = Graphs;
			sourceTree = "<group>";
		};
		842A4EC42429181200354BF7 /* Tests */ = {
			isa = PBXGroup;
			children = (
				8421D1852403459300202F8E /* MyTests.swift */,
				845EC48524032C2E0044F08B /* TestRun.swift */,
				8421D18C240358CD00202F8E /* CreateTest.swift */,
				844916F924042DF2005E9908 /* ConfigureTest.swift */,
				840A1BFC240451A500880077 /* TestDetail.swift */,
				840A1BFE2404697000880077 /* TestGroup.swift */,
				840A1C0024055F8B00880077 /* TestType.swift */,
				84D7FEB02406DC0B0069DA3B /* InputDataGroup.swift */,
				844C6FFE2407233B00214D22 /* ClassificationResults.swift */,
				84BAB4B3242580FF00296858 /* FrameworkType.swift */,
			);
			path = Tests;
			sourceTree = "<group>";
		};
		844916F6240423AE005E9908 /* Interface elements */ = {
			isa = PBXGroup;
			children = (
				842A4EC42429181200354BF7 /* Tests */,
				842A4EBE2428533100354BF7 /* Graphs */,
			);
			path = "Interface elements";
			sourceTree = "<group>";
		};
		845EC44924032B720044F08B = {
			isa = PBXGroup;
			children = (
				84BAB4AB242433C400296858 /* GoogleService-Info.plist */,
				84AF7B9C24242EC700FE6ED7 /* Persistence */,
				84F91EF32415B45E00AD9420 /* MLModels */,
				84F91EFC2416902C00AD9420 /* ModelImplementations */,
				845EC45424032B720044F08B /* BenchmarkML */,
				845EC46B24032B750044F08B /* BenchmarkMLTests */,
				845EC47624032B750044F08B /* BenchmarkMLUITests */,
				845EC45324032B720044F08B /* Products */,
				1674852401DC15C304BDB6E6 /* Pods */,
				02044CEA33611C73F76EA884 /* Frameworks */,
			);
			sourceTree = "<group>";
		};
		845EC45324032B720044F08B /* Products */ = {
			isa = PBXGroup;
			children = (
				845EC45224032B720044F08B /* BenchmarkML.app */,
				845EC46824032B750044F08B /* BenchmarkMLTests.xctest */,
				845EC47324032B750044F08B /* BenchmarkMLUITests.xctest */,
			);
			name = Products;
			sourceTree = "<group>";
		};
		845EC45424032B720044F08B /* BenchmarkML */ = {
			isa = PBXGroup;
			children = (
				840A1C0424057A1E00880077 /* models.json */,
				8421D18824034D5700202F8E /* tests.json */,
				845EC48924033C190044F08B /* Models */,
				845EC45524032B720044F08B /* AppDelegate.swift */,
				844916F6240423AE005E9908 /* Interface elements */,
				845EC45724032B720044F08B /* SceneDelegate.swift */,
				845EC45924032B720044F08B /* ContentView.swift */,
				845EC45B24032B750044F08B /* Assets.xcassets */,
				845EC46024032B750044F08B /* LaunchScreen.storyboard */,
				845EC46324032B750044F08B /* Info.plist */,
				845EC45D24032B750044F08B /* Preview Content */,
				842A4EB52427FBFB00354BF7 /* HelpingClases */,
			);
			path = BenchmarkML;
			sourceTree = "<group>";
		};
		845EC45D24032B750044F08B /* Preview Content */ = {
			isa = PBXGroup;
			children = (
				845EC45E24032B750044F08B /* Preview Assets.xcassets */,
			);
			path = "Preview Content";
			sourceTree = "<group>";
		};
		845EC46B24032B750044F08B /* BenchmarkMLTests */ = {
			isa = PBXGroup;
			children = (
				845EC46C24032B750044F08B /* BenchmarkMLTests.swift */,
				845EC46E24032B750044F08B /* Info.plist */,
			);
			path = BenchmarkMLTests;
			sourceTree = "<group>";
		};
		845EC47624032B750044F08B /* BenchmarkMLUITests */ = {
			isa = PBXGroup;
			children = (
				845EC47724032B750044F08B /* BenchmarkMLUITests.swift */,
				845EC47924032B750044F08B /* Info.plist */,
			);
			path = BenchmarkMLUITests;
			sourceTree = "<group>";
		};
		845EC48924033C190044F08B /* Models */ = {
			isa = PBXGroup;
			children = (
				845EC48724033C100044F08B /* Test.swift */,
				845EC48F24033E4C0044F08B /* Data.swift */,
				840A1C0824057A5300880077 /* Model.swift */,
				84BAB4AF242535DF00296858 /* Framework.swift */,
				84BAB4B52425865E00296858 /* InputData.swift */,
			);
			path = Models;
			sourceTree = "<group>";
		};
		84AF7B9C24242EC700FE6ED7 /* Persistence */ = {
			isa = PBXGroup;
			children = (
				84AF7B9A24242EBF00FE6ED7 /* TestPersistence.swift */,
				84BAB4AD24251FB600296858 /* ModelPersistence.swift */,
				84BAB4B12425379600296858 /* FrameworkPersistence.swift */,
			);
			path = Persistence;
			sourceTree = "<group>";
		};
		84BA9FE82432898A009596E8 /* Keras */ = {
			isa = PBXGroup;
			children = (
				84166B752433B1190022B6E4 /* keras_car_classifier.mlmodel */,
				84BA9FE624328981009596E8 /* KerasPokedex.mlmodel */,
			);
			path = Keras;
			sourceTree = "<group>";
		};
		84F91EF32415B45E00AD9420 /* MLModels */ = {
			isa = PBXGroup;
			children = (
				84BA9FE82432898A009596E8 /* Keras */,
				842A4EA52426F77700354BF7 /* TuriCreate */,
				842A4EA42426F77200354BF7 /* CreateML */,
				84F91EF62415B4E000AD9420 /* MobileNet.mlmodel */,
			);
			path = MLModels;
			sourceTree = "<group>";
		};
		84F91EFC2416902C00AD9420 /* ModelImplementations */ = {
			isa = PBXGroup;
			children = (
				842A4EAC2427F23100354BF7 /* CreateML */,
				842A4EAD2427F24000354BF7 /* TensorFlowLite */,
				842A4EB02427F26500354BF7 /* Turicreate */,
				84121DEE2432AF4800D18486 /* Keras */,
			);
			path = ModelImplementations;
			sourceTree = "<group>";
		};
/* End PBXGroup section */

/* Begin PBXNativeTarget section */
		845EC45124032B720044F08B /* BenchmarkML */ = {
			isa = PBXNativeTarget;
			buildConfigurationList = 845EC47C24032B750044F08B /* Build configuration list for PBXNativeTarget "BenchmarkML" */;
			buildPhases = (
				3233054DE61179CE95351CE6 /* [CP] Check Pods Manifest.lock */,
				845EC44E24032B720044F08B /* Sources */,
				845EC44F24032B720044F08B /* Frameworks */,
				845EC45024032B720044F08B /* Resources */,
			);
			buildRules = (
			);
			dependencies = (
			);
			name = BenchmarkML;
			packageProductDependencies = (
				842A4EC224290AD800354BF7 /* SwiftUICharts */,
			);
			productName = BenchmarkML;
			productReference = 845EC45224032B720044F08B /* BenchmarkML.app */;
			productType = "com.apple.product-type.application";
		};
		845EC46724032B750044F08B /* BenchmarkMLTests */ = {
			isa = PBXNativeTarget;
			buildConfigurationList = 845EC47F24032B750044F08B /* Build configuration list for PBXNativeTarget "BenchmarkMLTests" */;
			buildPhases = (
				43D10B2ECE2B4A565709CE27 /* [CP] Check Pods Manifest.lock */,
				845EC46424032B750044F08B /* Sources */,
				845EC46524032B750044F08B /* Frameworks */,
				845EC46624032B750044F08B /* Resources */,
			);
			buildRules = (
			);
			dependencies = (
				845EC46A24032B750044F08B /* PBXTargetDependency */,
			);
			name = BenchmarkMLTests;
			productName = BenchmarkMLTests;
			productReference = 845EC46824032B750044F08B /* BenchmarkMLTests.xctest */;
			productType = "com.apple.product-type.bundle.unit-test";
		};
		845EC47224032B750044F08B /* BenchmarkMLUITests */ = {
			isa = PBXNativeTarget;
			buildConfigurationList = 845EC48224032B750044F08B /* Build configuration list for PBXNativeTarget "BenchmarkMLUITests" */;
			buildPhases = (
				C68FE633FA565BD7AF8FFC1F /* [CP] Check Pods Manifest.lock */,
				845EC46F24032B750044F08B /* Sources */,
				845EC47024032B750044F08B /* Frameworks */,
				845EC47124032B750044F08B /* Resources */,
			);
			buildRules = (
			);
			dependencies = (
				845EC47524032B750044F08B /* PBXTargetDependency */,
			);
			name = BenchmarkMLUITests;
			productName = BenchmarkMLUITests;
			productReference = 845EC47324032B750044F08B /* BenchmarkMLUITests.xctest */;
			productType = "com.apple.product-type.bundle.ui-testing";
		};
/* End PBXNativeTarget section */

/* Begin PBXProject section */
		845EC44A24032B720044F08B /* Project object */ = {
			isa = PBXProject;
			attributes = {
				LastSwiftUpdateCheck = 1130;
				LastUpgradeCheck = 1130;
				ORGANIZATIONNAME = "Universidad de Los Andes";
				TargetAttributes = {
					845EC45124032B720044F08B = {
						CreatedOnToolsVersion = 11.3.1;
					};
					845EC46724032B750044F08B = {
						CreatedOnToolsVersion = 11.3.1;
						TestTargetID = 845EC45124032B720044F08B;
					};
					845EC47224032B750044F08B = {
						CreatedOnToolsVersion = 11.3.1;
						TestTargetID = 845EC45124032B720044F08B;
					};
				};
			};
			buildConfigurationList = 845EC44D24032B720044F08B /* Build configuration list for PBXProject "BenchmarkML" */;
			compatibilityVersion = "Xcode 9.3";
			developmentRegion = en;
			hasScannedForEncodings = 0;
			knownRegions = (
				en,
				Base,
			);
			mainGroup = 845EC44924032B720044F08B;
			packageReferences = (
				842A4EC124290AD700354BF7 /* XCRemoteSwiftPackageReference "ChartView" */,
			);
			productRefGroup = 845EC45324032B720044F08B /* Products */;
			projectDirPath = "";
			projectRoot = "";
			targets = (
				845EC45124032B720044F08B /* BenchmarkML */,
				845EC46724032B750044F08B /* BenchmarkMLTests */,
				845EC47224032B750044F08B /* BenchmarkMLUITests */,
			);
		};
/* End PBXProject section */

/* Begin PBXResourcesBuildPhase section */
		845EC45024032B720044F08B /* Resources */ = {
			isa = PBXResourcesBuildPhase;
			buildActionMask = 2147483647;
			files = (
				845EC46224032B750044F08B /* LaunchScreen.storyboard in Resources */,
				8421D18924034D5700202F8E /* tests.json in Resources */,
				845EC45F24032B750044F08B /* Preview Assets.xcassets in Resources */,
				840A1C0524057A1E00880077 /* models.json in Resources */,
				845EC45C24032B750044F08B /* Assets.xcassets in Resources */,
				84BAB4AC242433C400296858 /* GoogleService-Info.plist in Resources */,
			);
			runOnlyForDeploymentPostprocessing = 0;
		};
		845EC46624032B750044F08B /* Resources */ = {
			isa = PBXResourcesBuildPhase;
			buildActionMask = 2147483647;
			files = (
			);
			runOnlyForDeploymentPostprocessing = 0;
		};
		845EC47124032B750044F08B /* Resources */ = {
			isa = PBXResourcesBuildPhase;
			buildActionMask = 2147483647;
			files = (
			);
			runOnlyForDeploymentPostprocessing = 0;
		};
/* End PBXResourcesBuildPhase section */

/* Begin PBXShellScriptBuildPhase section */
		3233054DE61179CE95351CE6 /* [CP] Check Pods Manifest.lock */ = {
			isa = PBXShellScriptBuildPhase;
			buildActionMask = 2147483647;
			files = (
			);
			inputFileListPaths = (
			);
			inputPaths = (
				"${PODS_PODFILE_DIR_PATH}/Podfile.lock",
				"${PODS_ROOT}/Manifest.lock",
			);
			name = "[CP] Check Pods Manifest.lock";
			outputFileListPaths = (
			);
			outputPaths = (
				"$(DERIVED_FILE_DIR)/Pods-BenchmarkML-checkManifestLockResult.txt",
			);
			runOnlyForDeploymentPostprocessing = 0;
			shellPath = /bin/sh;
			shellScript = "diff \"${PODS_PODFILE_DIR_PATH}/Podfile.lock\" \"${PODS_ROOT}/Manifest.lock\" > /dev/null\nif [ $? != 0 ] ; then\n    # print error to STDERR\n    echo \"error: The sandbox is not in sync with the Podfile.lock. Run 'pod install' or update your CocoaPods installation.\" >&2\n    exit 1\nfi\n# This output is used by Xcode 'outputs' to avoid re-running this script phase.\necho \"SUCCESS\" > \"${SCRIPT_OUTPUT_FILE_0}\"\n";
			showEnvVarsInLog = 0;
		};
		43D10B2ECE2B4A565709CE27 /* [CP] Check Pods Manifest.lock */ = {
			isa = PBXShellScriptBuildPhase;
			buildActionMask = 2147483647;
			files = (
			);
			inputFileListPaths = (
			);
			inputPaths = (
				"${PODS_PODFILE_DIR_PATH}/Podfile.lock",
				"${PODS_ROOT}/Manifest.lock",
			);
			name = "[CP] Check Pods Manifest.lock";
			outputFileListPaths = (
			);
			outputPaths = (
				"$(DERIVED_FILE_DIR)/Pods-BenchmarkMLTests-checkManifestLockResult.txt",
			);
			runOnlyForDeploymentPostprocessing = 0;
			shellPath = /bin/sh;
			shellScript = "diff \"${PODS_PODFILE_DIR_PATH}/Podfile.lock\" \"${PODS_ROOT}/Manifest.lock\" > /dev/null\nif [ $? != 0 ] ; then\n    # print error to STDERR\n    echo \"error: The sandbox is not in sync with the Podfile.lock. Run 'pod install' or update your CocoaPods installation.\" >&2\n    exit 1\nfi\n# This output is used by Xcode 'outputs' to avoid re-running this script phase.\necho \"SUCCESS\" > \"${SCRIPT_OUTPUT_FILE_0}\"\n";
			showEnvVarsInLog = 0;
		};
		C68FE633FA565BD7AF8FFC1F /* [CP] Check Pods Manifest.lock */ = {
			isa = PBXShellScriptBuildPhase;
			buildActionMask = 2147483647;
			files = (
			);
			inputFileListPaths = (
			);
			inputPaths = (
				"${PODS_PODFILE_DIR_PATH}/Podfile.lock",
				"${PODS_ROOT}/Manifest.lock",
			);
			name = "[CP] Check Pods Manifest.lock";
			outputFileListPaths = (
			);
			outputPaths = (
				"$(DERIVED_FILE_DIR)/Pods-BenchmarkML-BenchmarkMLUITests-checkManifestLockResult.txt",
			);
			runOnlyForDeploymentPostprocessing = 0;
			shellPath = /bin/sh;
			shellScript = "diff \"${PODS_PODFILE_DIR_PATH}/Podfile.lock\" \"${PODS_ROOT}/Manifest.lock\" > /dev/null\nif [ $? != 0 ] ; then\n    # print error to STDERR\n    echo \"error: The sandbox is not in sync with the Podfile.lock. Run 'pod install' or update your CocoaPods installation.\" >&2\n    exit 1\nfi\n# This output is used by Xcode 'outputs' to avoid re-running this script phase.\necho \"SUCCESS\" > \"${SCRIPT_OUTPUT_FILE_0}\"\n";
			showEnvVarsInLog = 0;
		};
/* End PBXShellScriptBuildPhase section */

/* Begin PBXSourcesBuildPhase section */
		845EC44E24032B720044F08B /* Sources */ = {
			isa = PBXSourcesBuildPhase;
			buildActionMask = 2147483647;
			files = (
				842A4EAF2427F26000354BF7 /* TuricreateCatVsDog.swift in Sources */,
				8421D1862403459300202F8E /* MyTests.swift in Sources */,
				84166B7A2433B9850022B6E4 /* TuricreatePokemonClassification.swift in Sources */,
				845EC45624032B720044F08B /* AppDelegate.swift in Sources */,
				840A1BFD240451A500880077 /* TestDetail.swift in Sources */,
				845EC49024033E4C0044F08B /* Data.swift in Sources */,
				84D7FEB12406DC0B0069DA3B /* InputDataGroup.swift in Sources */,
				84AF7B9B24242EBF00FE6ED7 /* TestPersistence.swift in Sources */,
				840A1C0124055F8B00880077 /* TestType.swift in Sources */,
				842A4EA12426AD4D00354BF7 /* SwiftForTensorFlowImageClassifier.swift in Sources */,
				842A4EB42427FBF200354BF7 /* ObtainedResults.swift in Sources */,
				845EC48624032C2E0044F08B /* TestRun.swift in Sources */,
				84121DEB24329F1300D18486 /* TuriCreateCarClassifier.swift in Sources */,
				84BAB4AE24251FB600296858 /* ModelPersistence.swift in Sources */,
				84BBDA17243392E100C83DBA /* turicreate_pokedex.mlmodel in Sources */,
				840A1C0924057A5300880077 /* Model.swift in Sources */,
				84121DED2432AF4100D18486 /* KerasPokemonClassification.swift in Sources */,
				84166B782433B7730022B6E4 /* KerasCarClassifier.swift in Sources */,
				846E4C6F2432BAAD008FD462 /* CreateMLPokedexModel.mlmodel in Sources */,
				84F91EF72415B4E000AD9420 /* MobileNet.mlmodel in Sources */,
				844916F8240423F9005E9908 /* CreateMLCarClassifier.swift in Sources */,
				842A4EA32426F76700354BF7 /* TuriCreate.mlmodel in Sources */,
				84121DE524329CB700D18486 /* CreateMLCarClassifierModel.mlmodel in Sources */,
				842A4EBD2428530C00354BF7 /* ModelComparison.swift in Sources */,
				84121DE724329CBE00D18486 /* CreateMLCatVsDogModel.mlmodel in Sources */,
				842A4EA72426FCB100354BF7 /* turicreate_car_classifier.mlmodel in Sources */,
				84166B762433B1190022B6E4 /* keras_car_classifier.mlmodel in Sources */,
				845EC48824033C100044F08B /* Test.swift in Sources */,
				840A1BFF2404697000880077 /* TestGroup.swift in Sources */,
				842A4EAB2427325400354BF7 /* turicreate_cat_vs_dog.mlmodel in Sources */,
				84121DE924329D1E00D18486 /* CreateMLCatVsDog.swift in Sources */,
				842A4EBB24281E1700354BF7 /* Tests.swift in Sources */,
				842A4EB72427FE7000354BF7 /* SelectedImage.swift in Sources */,
				84F91EFE2416905E00AD9420 /* CoreMLObjectClassifier.swift in Sources */,
				845EC45824032B720044F08B /* SceneDelegate.swift in Sources */,
				845EC45A24032B720044F08B /* ContentView.swift in Sources */,
				844916FA24042DF2005E9908 /* ConfigureTest.swift in Sources */,
				84BAB4B22425379600296858 /* FrameworkPersistence.swift in Sources */,
				844C6FFF2407233B00214D22 /* ClassificationResults.swift in Sources */,
				84BAB4B0242535DF00296858 /* Framework.swift in Sources */,
				84BAB4B4242580FF00296858 /* FrameworkType.swift in Sources */,
				846E4C712432BFAE008FD462 /* CreateMLPokedex.swift in Sources */,
				842A4EB924281AF000354BF7 /* ObtainedTests.swift in Sources */,
				8421D18D240358CD00202F8E /* CreateTest.swift in Sources */,
				84BA9FE724328981009596E8 /* KerasPokedex.mlmodel in Sources */,
				842A4EC62429182D00354BF7 /* GraphGroup.swift in Sources */,
				84BAB4B62425865E00296858 /* InputData.swift in Sources */,
			);
			runOnlyForDeploymentPostprocessing = 0;
		};
		845EC46424032B750044F08B /* Sources */ = {
			isa = PBXSourcesBuildPhase;
			buildActionMask = 2147483647;
			files = (
				845EC46D24032B750044F08B /* BenchmarkMLTests.swift in Sources */,
			);
			runOnlyForDeploymentPostprocessing = 0;
		};
		845EC46F24032B750044F08B /* Sources */ = {
			isa = PBXSourcesBuildPhase;
			buildActionMask = 2147483647;
			files = (
				845EC47824032B750044F08B /* BenchmarkMLUITests.swift in Sources */,
			);
			runOnlyForDeploymentPostprocessing = 0;
		};
/* End PBXSourcesBuildPhase section */

/* Begin PBXTargetDependency section */
		845EC46A24032B750044F08B /* PBXTargetDependency */ = {
			isa = PBXTargetDependency;
			target = 845EC45124032B720044F08B /* BenchmarkML */;
			targetProxy = 845EC46924032B750044F08B /* PBXContainerItemProxy */;
		};
		845EC47524032B750044F08B /* PBXTargetDependency */ = {
			isa = PBXTargetDependency;
			target = 845EC45124032B720044F08B /* BenchmarkML */;
			targetProxy = 845EC47424032B750044F08B /* PBXContainerItemProxy */;
		};
/* End PBXTargetDependency section */

/* Begin PBXVariantGroup section */
		845EC46024032B750044F08B /* LaunchScreen.storyboard */ = {
			isa = PBXVariantGroup;
			children = (
				845EC46124032B750044F08B /* Base */,
			);
			name = LaunchScreen.storyboard;
			sourceTree = "<group>";
		};
/* End PBXVariantGroup section */

/* Begin XCBuildConfiguration section */
		845EC47A24032B750044F08B /* Debug */ = {
			isa = XCBuildConfiguration;
			buildSettings = {
				ALWAYS_SEARCH_USER_PATHS = NO;
				CLANG_ANALYZER_NONNULL = YES;
				CLANG_ANALYZER_NUMBER_OBJECT_CONVERSION = YES_AGGRESSIVE;
				CLANG_CXX_LANGUAGE_STANDARD = "gnu++14";
				CLANG_CXX_LIBRARY = "libc++";
				CLANG_ENABLE_MODULES = YES;
				CLANG_ENABLE_OBJC_ARC = YES;
				CLANG_ENABLE_OBJC_WEAK = YES;
				CLANG_WARN_BLOCK_CAPTURE_AUTORELEASING = YES;
				CLANG_WARN_BOOL_CONVERSION = YES;
				CLANG_WARN_COMMA = YES;
				CLANG_WARN_CONSTANT_CONVERSION = YES;
				CLANG_WARN_DEPRECATED_OBJC_IMPLEMENTATIONS = YES;
				CLANG_WARN_DIRECT_OBJC_ISA_USAGE = YES_ERROR;
				CLANG_WARN_DOCUMENTATION_COMMENTS = YES;
				CLANG_WARN_EMPTY_BODY = YES;
				CLANG_WARN_ENUM_CONVERSION = YES;
				CLANG_WARN_INFINITE_RECURSION = YES;
				CLANG_WARN_INT_CONVERSION = YES;
				CLANG_WARN_NON_LITERAL_NULL_CONVERSION = YES;
				CLANG_WARN_OBJC_IMPLICIT_RETAIN_SELF = YES;
				CLANG_WARN_OBJC_LITERAL_CONVERSION = YES;
				CLANG_WARN_OBJC_ROOT_CLASS = YES_ERROR;
				CLANG_WARN_RANGE_LOOP_ANALYSIS = YES;
				CLANG_WARN_STRICT_PROTOTYPES = YES;
				CLANG_WARN_SUSPICIOUS_MOVE = YES;
				CLANG_WARN_UNGUARDED_AVAILABILITY = YES_AGGRESSIVE;
				CLANG_WARN_UNREACHABLE_CODE = YES;
				CLANG_WARN__DUPLICATE_METHOD_MATCH = YES;
				COPY_PHASE_STRIP = NO;
				DEBUG_INFORMATION_FORMAT = dwarf;
				ENABLE_STRICT_OBJC_MSGSEND = YES;
				ENABLE_TESTABILITY = YES;
				GCC_C_LANGUAGE_STANDARD = gnu11;
				GCC_DYNAMIC_NO_PIC = NO;
				GCC_NO_COMMON_BLOCKS = YES;
				GCC_OPTIMIZATION_LEVEL = 0;
				GCC_PREPROCESSOR_DEFINITIONS = (
					"DEBUG=1",
					"$(inherited)",
				);
				GCC_WARN_64_TO_32_BIT_CONVERSION = YES;
				GCC_WARN_ABOUT_RETURN_TYPE = YES_ERROR;
				GCC_WARN_UNDECLARED_SELECTOR = YES;
				GCC_WARN_UNINITIALIZED_AUTOS = YES_AGGRESSIVE;
				GCC_WARN_UNUSED_FUNCTION = YES;
				GCC_WARN_UNUSED_VARIABLE = YES;
				IPHONEOS_DEPLOYMENT_TARGET = 13.2;
				MTL_ENABLE_DEBUG_INFO = INCLUDE_SOURCE;
				MTL_FAST_MATH = YES;
				ONLY_ACTIVE_ARCH = YES;
				SDKROOT = iphoneos;
				SWIFT_ACTIVE_COMPILATION_CONDITIONS = DEBUG;
				SWIFT_OPTIMIZATION_LEVEL = "-Onone";
			};
			name = Debug;
		};
		845EC47B24032B750044F08B /* Release */ = {
			isa = XCBuildConfiguration;
			buildSettings = {
				ALWAYS_SEARCH_USER_PATHS = NO;
				CLANG_ANALYZER_NONNULL = YES;
				CLANG_ANALYZER_NUMBER_OBJECT_CONVERSION = YES_AGGRESSIVE;
				CLANG_CXX_LANGUAGE_STANDARD = "gnu++14";
				CLANG_CXX_LIBRARY = "libc++";
				CLANG_ENABLE_MODULES = YES;
				CLANG_ENABLE_OBJC_ARC = YES;
				CLANG_ENABLE_OBJC_WEAK = YES;
				CLANG_WARN_BLOCK_CAPTURE_AUTORELEASING = YES;
				CLANG_WARN_BOOL_CONVERSION = YES;
				CLANG_WARN_COMMA = YES;
				CLANG_WARN_CONSTANT_CONVERSION = YES;
				CLANG_WARN_DEPRECATED_OBJC_IMPLEMENTATIONS = YES;
				CLANG_WARN_DIRECT_OBJC_ISA_USAGE = YES_ERROR;
				CLANG_WARN_DOCUMENTATION_COMMENTS = YES;
				CLANG_WARN_EMPTY_BODY = YES;
				CLANG_WARN_ENUM_CONVERSION = YES;
				CLANG_WARN_INFINITE_RECURSION = YES;
				CLANG_WARN_INT_CONVERSION = YES;
				CLANG_WARN_NON_LITERAL_NULL_CONVERSION = YES;
				CLANG_WARN_OBJC_IMPLICIT_RETAIN_SELF = YES;
				CLANG_WARN_OBJC_LITERAL_CONVERSION = YES;
				CLANG_WARN_OBJC_ROOT_CLASS = YES_ERROR;
				CLANG_WARN_RANGE_LOOP_ANALYSIS = YES;
				CLANG_WARN_STRICT_PROTOTYPES = YES;
				CLANG_WARN_SUSPICIOUS_MOVE = YES;
				CLANG_WARN_UNGUARDED_AVAILABILITY = YES_AGGRESSIVE;
				CLANG_WARN_UNREACHABLE_CODE = YES;
				CLANG_WARN__DUPLICATE_METHOD_MATCH = YES;
				COPY_PHASE_STRIP = NO;
				DEBUG_INFORMATION_FORMAT = "dwarf-with-dsym";
				ENABLE_NS_ASSERTIONS = NO;
				ENABLE_STRICT_OBJC_MSGSEND = YES;
				GCC_C_LANGUAGE_STANDARD = gnu11;
				GCC_NO_COMMON_BLOCKS = YES;
				GCC_WARN_64_TO_32_BIT_CONVERSION = YES;
				GCC_WARN_ABOUT_RETURN_TYPE = YES_ERROR;
				GCC_WARN_UNDECLARED_SELECTOR = YES;
				GCC_WARN_UNINITIALIZED_AUTOS = YES_AGGRESSIVE;
				GCC_WARN_UNUSED_FUNCTION = YES;
				GCC_WARN_UNUSED_VARIABLE = YES;
				IPHONEOS_DEPLOYMENT_TARGET = 13.2;
				MTL_ENABLE_DEBUG_INFO = NO;
				MTL_FAST_MATH = YES;
				SDKROOT = iphoneos;
				SWIFT_COMPILATION_MODE = wholemodule;
				SWIFT_OPTIMIZATION_LEVEL = "-O";
				VALIDATE_PRODUCT = YES;
			};
			name = Release;
		};
		845EC47D24032B750044F08B /* Debug */ = {
			isa = XCBuildConfiguration;
			baseConfigurationReference = C432A5FDD75BCA3756431A00 /* Pods-BenchmarkML.debug.xcconfig */;
			buildSettings = {
				ASSETCATALOG_COMPILER_APPICON_NAME = AppIcon;
				CODE_SIGN_STYLE = Automatic;
				COREML_CODEGEN_LANGUAGE = Swift;
				DEVELOPMENT_ASSET_PATHS = "\"BenchmarkML/Preview Content\"";
				DEVELOPMENT_TEAM = U947CD37RB;
				ENABLE_PREVIEWS = YES;
				INFOPLIST_FILE = BenchmarkML/Info.plist;
				LD_RUNPATH_SEARCH_PATHS = (
					"$(inherited)",
					"@executable_path/Frameworks",
				);
				PRODUCT_BUNDLE_IDENTIFIER = edu.uniandes.BenchmarkML;
				PRODUCT_NAME = "$(TARGET_NAME)";
				SWIFT_VERSION = 5.0;
				TARGETED_DEVICE_FAMILY = "1,2";
			};
			name = Debug;
		};
		845EC47E24032B750044F08B /* Release */ = {
			isa = XCBuildConfiguration;
			baseConfigurationReference = 5F31F0D935C0A6C0D434472C /* Pods-BenchmarkML.release.xcconfig */;
			buildSettings = {
				ASSETCATALOG_COMPILER_APPICON_NAME = AppIcon;
				CODE_SIGN_STYLE = Automatic;
				COREML_CODEGEN_LANGUAGE = Swift;
				DEVELOPMENT_ASSET_PATHS = "\"BenchmarkML/Preview Content\"";
				DEVELOPMENT_TEAM = U947CD37RB;
				ENABLE_PREVIEWS = YES;
				INFOPLIST_FILE = BenchmarkML/Info.plist;
				LD_RUNPATH_SEARCH_PATHS = (
					"$(inherited)",
					"@executable_path/Frameworks",
				);
				PRODUCT_BUNDLE_IDENTIFIER = edu.uniandes.BenchmarkML;
				PRODUCT_NAME = "$(TARGET_NAME)";
				SWIFT_VERSION = 5.0;
				TARGETED_DEVICE_FAMILY = "1,2";
			};
			name = Release;
		};
		845EC48024032B750044F08B /* Debug */ = {
			isa = XCBuildConfiguration;
			baseConfigurationReference = 6D0A22524E375A995B68DDBF /* Pods-BenchmarkMLTests.debug.xcconfig */;
			buildSettings = {
				ALWAYS_EMBED_SWIFT_STANDARD_LIBRARIES = YES;
				BUNDLE_LOADER = "$(TEST_HOST)";
				CODE_SIGN_STYLE = Automatic;
				DEVELOPMENT_TEAM = U947CD37RB;
				INFOPLIST_FILE = BenchmarkMLTests/Info.plist;
				IPHONEOS_DEPLOYMENT_TARGET = 13.2;
				LD_RUNPATH_SEARCH_PATHS = (
					"$(inherited)",
					"@executable_path/Frameworks",
					"@loader_path/Frameworks",
				);
				PRODUCT_BUNDLE_IDENTIFIER = edu.uniandes.movies.BenchmarkMLTests;
				PRODUCT_NAME = "$(TARGET_NAME)";
				SWIFT_VERSION = 5.0;
				TARGETED_DEVICE_FAMILY = "1,2";
				TEST_HOST = "$(BUILT_PRODUCTS_DIR)/BenchmarkML.app/BenchmarkML";
			};
			name = Debug;
		};
		845EC48124032B750044F08B /* Release */ = {
			isa = XCBuildConfiguration;
			baseConfigurationReference = 1C8A18B81B67107D256987B2 /* Pods-BenchmarkMLTests.release.xcconfig */;
			buildSettings = {
				ALWAYS_EMBED_SWIFT_STANDARD_LIBRARIES = YES;
				BUNDLE_LOADER = "$(TEST_HOST)";
				CODE_SIGN_STYLE = Automatic;
				DEVELOPMENT_TEAM = U947CD37RB;
				INFOPLIST_FILE = BenchmarkMLTests/Info.plist;
				IPHONEOS_DEPLOYMENT_TARGET = 13.2;
				LD_RUNPATH_SEARCH_PATHS = (
					"$(inherited)",
					"@executable_path/Frameworks",
					"@loader_path/Frameworks",
				);
				PRODUCT_BUNDLE_IDENTIFIER = edu.uniandes.movies.BenchmarkMLTests;
				PRODUCT_NAME = "$(TARGET_NAME)";
				SWIFT_VERSION = 5.0;
				TARGETED_DEVICE_FAMILY = "1,2";
				TEST_HOST = "$(BUILT_PRODUCTS_DIR)/BenchmarkML.app/BenchmarkML";
			};
			name = Release;
		};
		845EC48324032B750044F08B /* Debug */ = {
			isa = XCBuildConfiguration;
			baseConfigurationReference = F81C2EB9C1131DBAA4BC11AE /* Pods-BenchmarkML-BenchmarkMLUITests.debug.xcconfig */;
			buildSettings = {
				ALWAYS_EMBED_SWIFT_STANDARD_LIBRARIES = YES;
				CODE_SIGN_STYLE = Automatic;
				DEVELOPMENT_TEAM = U947CD37RB;
				INFOPLIST_FILE = BenchmarkMLUITests/Info.plist;
				LD_RUNPATH_SEARCH_PATHS = (
					"$(inherited)",
					"@executable_path/Frameworks",
					"@loader_path/Frameworks",
				);
				PRODUCT_BUNDLE_IDENTIFIER = edu.uniandes.movies.BenchmarkMLUITests;
				PRODUCT_NAME = "$(TARGET_NAME)";
				SWIFT_VERSION = 5.0;
				TARGETED_DEVICE_FAMILY = "1,2";
				TEST_TARGET_NAME = BenchmarkML;
			};
			name = Debug;
		};
		845EC48424032B750044F08B /* Release */ = {
			isa = XCBuildConfiguration;
			baseConfigurationReference = E18568BDE81F22C54CB7C29F /* Pods-BenchmarkML-BenchmarkMLUITests.release.xcconfig */;
			buildSettings = {
				ALWAYS_EMBED_SWIFT_STANDARD_LIBRARIES = YES;
				CODE_SIGN_STYLE = Automatic;
				DEVELOPMENT_TEAM = U947CD37RB;
				INFOPLIST_FILE = BenchmarkMLUITests/Info.plist;
				LD_RUNPATH_SEARCH_PATHS = (
					"$(inherited)",
					"@executable_path/Frameworks",
					"@loader_path/Frameworks",
				);
				PRODUCT_BUNDLE_IDENTIFIER = edu.uniandes.movies.BenchmarkMLUITests;
				PRODUCT_NAME = "$(TARGET_NAME)";
				SWIFT_VERSION = 5.0;
				TARGETED_DEVICE_FAMILY = "1,2";
				TEST_TARGET_NAME = BenchmarkML;
			};
			name = Release;
		};
/* End XCBuildConfiguration section */

/* Begin XCConfigurationList section */
		845EC44D24032B720044F08B /* Build configuration list for PBXProject "BenchmarkML" */ = {
			isa = XCConfigurationList;
			buildConfigurations = (
				845EC47A24032B750044F08B /* Debug */,
				845EC47B24032B750044F08B /* Release */,
			);
			defaultConfigurationIsVisible = 0;
			defaultConfigurationName = Release;
		};
		845EC47C24032B750044F08B /* Build configuration list for PBXNativeTarget "BenchmarkML" */ = {
			isa = XCConfigurationList;
			buildConfigurations = (
				845EC47D24032B750044F08B /* Debug */,
				845EC47E24032B750044F08B /* Release */,
			);
			defaultConfigurationIsVisible = 0;
			defaultConfigurationName = Release;
		};
		845EC47F24032B750044F08B /* Build configuration list for PBXNativeTarget "BenchmarkMLTests" */ = {
			isa = XCConfigurationList;
			buildConfigurations = (
				845EC48024032B750044F08B /* Debug */,
				845EC48124032B750044F08B /* Release */,
			);
			defaultConfigurationIsVisible = 0;
			defaultConfigurationName = Release;
		};
		845EC48224032B750044F08B /* Build configuration list for PBXNativeTarget "BenchmarkMLUITests" */ = {
			isa = XCConfigurationList;
			buildConfigurations = (
				845EC48324032B750044F08B /* Debug */,
				845EC48424032B750044F08B /* Release */,
			);
			defaultConfigurationIsVisible = 0;
			defaultConfigurationName = Release;
		};
/* End XCConfigurationList section */

/* Begin XCRemoteSwiftPackageReference section */
		842A4EC124290AD700354BF7 /* XCRemoteSwiftPackageReference "ChartView" */ = {
			isa = XCRemoteSwiftPackageReference;
			repositoryURL = "https://github.com/AppPear/ChartView";
			requirement = {
				kind = upToNextMajorVersion;
				minimumVersion = 1.5.0;
			};
		};
/* End XCRemoteSwiftPackageReference section */

/* Begin XCSwiftPackageProductDependency section */
		842A4EC224290AD800354BF7 /* SwiftUICharts */ = {
			isa = XCSwiftPackageProductDependency;
			package = 842A4EC124290AD700354BF7 /* XCRemoteSwiftPackageReference "ChartView" */;
			productName = SwiftUICharts;
		};
/* End XCSwiftPackageProductDependency section */
	};
	rootObject = 845EC44A24032B720044F08B /* Project object */;
}
